// !$*UTF8*$!
{
	archiveVersion = 1;
	classes = {
	};
	objectVersion = 46;
	objects = {

/* Begin PBXBuildFile section */
		772A6D981CAE495800BFE46A /* main.m in Sources */ = {isa = PBXBuildFile; fileRef = 772A6D971CAE495800BFE46A /* main.m */; };
		772A6D9B1CAE495800BFE46A /* AppDelegate.m in Sources */ = {isa = PBXBuildFile; fileRef = 772A6D9A1CAE495800BFE46A /* AppDelegate.m */; };
		772A6D9E1CAE495800BFE46A /* ViewController.m in Sources */ = {isa = PBXBuildFile; fileRef = 772A6D9D1CAE495800BFE46A /* ViewController.m */; };
		772A6DA11CAE495800BFE46A /* Main.storyboard in Resources */ = {isa = PBXBuildFile; fileRef = 772A6D9F1CAE495800BFE46A /* Main.storyboard */; };
		772A6DA41CAE495800BFE46A /* _11.xcdatamodeld in Sources */ = {isa = PBXBuildFile; fileRef = 772A6DA21CAE495800BFE46A /* _11.xcdatamodeld */; };
		772A6DA61CAE495800BFE46A /* Assets.xcassets in Resources */ = {isa = PBXBuildFile; fileRef = 772A6DA51CAE495800BFE46A /* Assets.xcassets */; };
		772A6DA91CAE495800BFE46A /* LaunchScreen.storyboard in Resources */ = {isa = PBXBuildFile; fileRef = 772A6DA71CAE495800BFE46A /* LaunchScreen.storyboard */; };
		772A6DB41CAE495800BFE46A /* _11Tests.m in Sources */ = {isa = PBXBuildFile; fileRef = 772A6DB31CAE495800BFE46A /* _11Tests.m */; };
		772A6DBF1CAE495800BFE46A /* _11UITests.m in Sources */ = {isa = PBXBuildFile; fileRef = 772A6DBE1CAE495800BFE46A /* _11UITests.m */; };
/* End PBXBuildFile section */

/* Begin PBXContainerItemProxy section */
		772A6DB01CAE495800BFE46A /* PBXContainerItemProxy */ = {
			isa = PBXContainerItemProxy;
			containerPortal = 772A6D8B1CAE495800BFE46A /* Project object */;
			proxyType = 1;
			remoteGlobalIDString = 772A6D921CAE495800BFE46A;
			remoteInfo = 111;
		};
		772A6DBB1CAE495800BFE46A /* PBXContainerItemProxy */ = {
			isa = PBXContainerItemProxy;
			containerPortal = 772A6D8B1CAE495800BFE46A /* Project object */;
			proxyType = 1;
			remoteGlobalIDString = 772A6D921CAE495800BFE46A;
			remoteInfo = 111;
		};
/* End PBXContainerItemProxy section */

/* Begin PBXFileReference section */
		772A6D931CAE495800BFE46A /* 111.app */ = {isa = PBXFileReference; explicitFileType = wrapper.application; includeInIndex = 0; path = 111.app; sourceTree = BUILT_PRODUCTS_DIR; };
		772A6D971CAE495800BFE46A /* main.m */ = {isa = PBXFileReference; lastKnownFileType = sourcecode.c.objc; path = main.m; sourceTree = "<group>"; };
		772A6D991CAE495800BFE46A /* AppDelegate.h */ = {isa = PBXFileReference; lastKnownFileType = sourcecode.c.h; path = AppDelegate.h; sourceTree = "<group>"; };
		772A6D9A1CAE495800BFE46A /* AppDelegate.m */ = {isa = PBXFileReference; lastKnownFileType = sourcecode.c.objc; path = AppDelegate.m; sourceTree = "<group>"; };
		772A6D9C1CAE495800BFE46A /* ViewController.h */ = {isa = PBXFileReference; lastKnownFileType = sourcecode.c.h; path = ViewController.h; sourceTree = "<group>"; };
		772A6D9D1CAE495800BFE46A /* ViewController.m */ = {isa = PBXFileReference; lastKnownFileType = sourcecode.c.objc; path = ViewController.m; sourceTree = "<group>"; };
		772A6DA01CAE495800BFE46A /* Base */ = {isa = PBXFileReference; lastKnownFileType = file.storyboard; name = Base; path = Base.lproj/Main.storyboard; sourceTree = "<group>"; };
		772A6DA31CAE495800BFE46A /* _11.xcdatamodel */ = {isa = PBXFileReference; lastKnownFileType = wrapper.xcdatamodel; path = _11.xcdatamodel; sourceTree = "<group>"; };
		772A6DA51CAE495800BFE46A /* Assets.xcassets */ = {isa = PBXFileReference; lastKnownFileType = folder.assetcatalog; path = Assets.xcassets; sourceTree = "<group>"; };
		772A6DA81CAE495800BFE46A /* Base */ = {isa = PBXFileReference; lastKnownFileType = file.storyboard; name = Base; path = Base.lproj/LaunchScreen.storyboard; sourceTree = "<group>"; };
		772A6DAA1CAE495800BFE46A /* Info.plist */ = {isa = PBXFileReference; lastKnownFileType = text.plist.xml; path = Info.plist; sourceTree = "<group>"; };
		772A6DAF1CAE495800BFE46A /* 111Tests.xctest */ = {isa = PBXFileReference; explicitFileType = wrapper.cfbundle; includeInIndex = 0; path = 111Tests.xctest; sourceTree = BUILT_PRODUCTS_DIR; };
		772A6DB31CAE495800BFE46A /* _11Tests.m */ = {isa = PBXFileReference; lastKnownFileType = sourcecode.c.objc; path = _11Tests.m; sourceTree = "<group>"; };
		772A6DB51CAE495800BFE46A /* Info.plist */ = {isa = PBXFileReference; lastKnownFileType = text.plist.xml; path = Info.plist; sourceTree = "<group>"; };
		772A6DBA1CAE495800BFE46A /* 111UITests.xctest */ = {isa = PBXFileReference; explicitFileType = wrapper.cfbundle; includeInIndex = 0; path = 111UITests.xctest; sourceTree = BUILT_PRODUCTS_DIR; };
		772A6DBE1CAE495800BFE46A /* _11UITests.m */ = {isa = PBXFileReference; lastKnownFileType = sourcecode.c.objc; path = _11UITests.m; sourceTree = "<group>"; };
		772A6DC01CAE495800BFE46A /* Info.plist */ = {isa = PBXFileReference; lastKnownFileType = text.plist.xml; path = Info.plist; sourceTree = "<group>"; };
/* End PBXFileReference section */

/* Begin PBXFrameworksBuildPhase section */
		772A6D901CAE495800BFE46A /* Frameworks */ = {
			isa = PBXFrameworksBuildPhase;
			buildActionMask = 2147483647;
			files = (
			);
			runOnlyForDeploymentPostprocessing = 0;
		};
		772A6DAC1CAE495800BFE46A /* Frameworks */ = {
			isa = PBXFrameworksBuildPhase;
			buildActionMask = 2147483647;
			files = (
			);
			runOnlyForDeploymentPostprocessing = 0;
		};
		772A6DB71CAE495800BFE46A /* Frameworks */ = {
			isa = PBXFrameworksBuildPhase;
			buildActionMask = 2147483647;
			files = (
			);
			runOnlyForDeploymentPostprocessing = 0;
		};
/* End PBXFrameworksBuildPhase section */

/* Begin PBXGroup section */
		772A6D8A1CAE495800BFE46A = {
			isa = PBXGroup;
			children = (
				772A6D951CAE495800BFE46A /* 111 */,
				772A6DB21CAE495800BFE46A /* 111Tests */,
				772A6DBD1CAE495800BFE46A /* 111UITests */,
				772A6D941CAE495800BFE46A /* Products */,
			);
			sourceTree = "<group>";
		};
		772A6D941CAE495800BFE46A /* Products */ = {
			isa = PBXGroup;
			children = (
				772A6D931CAE495800BFE46A /* 111.app */,
				772A6DAF1CAE495800BFE46A /* 111Tests.xctest */,
				772A6DBA1CAE495800BFE46A /* 111UITests.xctest */,
			);
			name = Products;
			sourceTree = "<group>";
		};
		772A6D951CAE495800BFE46A /* 111 */ = {
			isa = PBXGroup;
			children = (
				772A6D991CAE495800BFE46A /* AppDelegate.h */,
				772A6D9A1CAE495800BFE46A /* AppDelegate.m */,
				772A6D9C1CAE495800BFE46A /* ViewController.h */,
				772A6D9D1CAE495800BFE46A /* ViewController.m */,
				772A6D9F1CAE495800BFE46A /* Main.storyboard */,
				772A6DA51CAE495800BFE46A /* Assets.xcassets */,
				772A6DA71CAE495800BFE46A /* LaunchScreen.storyboard */,
				772A6DAA1CAE495800BFE46A /* Info.plist */,
				772A6DA21CAE495800BFE46A /* _11.xcdatamodeld */,
				772A6D961CAE495800BFE46A /* Supporting Files */,
			);
			path = 111;
			sourceTree = "<group>";
		};
		772A6D961CAE495800BFE46A /* Supporting Files */ = {
			isa = PBXGroup;
			children = (
				772A6D971CAE495800BFE46A /* main.m */,
			);
			name = "Supporting Files";
			sourceTree = "<group>";
		};
		772A6DB21CAE495800BFE46A /* 111Tests */ = {
			isa = PBXGroup;
			children = (
				772A6DB31CAE495800BFE46A /* _11Tests.m */,
				772A6DB51CAE495800BFE46A /* Info.plist */,
			);
			path = 111Tests;
			sourceTree = "<group>";
		};
		772A6DBD1CAE495800BFE46A /* 111UITests */ = {
			isa = PBXGroup;
			children = (
				772A6DBE1CAE495800BFE46A /* _11UITests.m */,
				772A6DC01CAE495800BFE46A /* Info.plist */,
			);
			path = 111UITests;
			sourceTree = "<group>";
		};
/* End PBXGroup section */

/* Begin PBXNativeTarget section */
		772A6D921CAE495800BFE46A /* 111 */ = {
			isa = PBXNativeTarget;
			buildConfigurationList = 772A6DC31CAE495800BFE46A /* Build configuration list for PBXNativeTarget "111" */;
			buildPhases = (
				772A6D8F1CAE495800BFE46A /* Sources */,
				772A6D901CAE495800BFE46A /* Frameworks */,
				772A6D911CAE495800BFE46A /* Resources */,
			);
			buildRules = (
			);
			dependencies = (
			);
			name = 111;
			productName = 111;
			productReference = 772A6D931CAE495800BFE46A /* 111.app */;
			productType = "com.apple.product-type.application";
		};
		772A6DAE1CAE495800BFE46A /* 111Tests */ = {
			isa = PBXNativeTarget;
			buildConfigurationList = 772A6DC61CAE495800BFE46A /* Build configuration list for PBXNativeTarget "111Tests" */;
			buildPhases = (
				772A6DAB1CAE495800BFE46A /* Sources */,
				772A6DAC1CAE495800BFE46A /* Frameworks */,
				772A6DAD1CAE495800BFE46A /* Resources */,
			);
			buildRules = (
			);
			dependencies = (
				772A6DB11CAE495800BFE46A /* PBXTargetDependency */,
			);
			name = 111Tests;
			productName = 111Tests;
			productReference = 772A6DAF1CAE495800BFE46A /* 111Tests.xctest */;
			productType = "com.apple.product-type.bundle.unit-test";
		};
		772A6DB91CAE495800BFE46A /* 111UITests */ = {
			isa = PBXNativeTarget;
			buildConfigurationList = 772A6DC91CAE495800BFE46A /* Build configuration list for PBXNativeTarget "111UITests" */;
			buildPhases = (
				772A6DB61CAE495800BFE46A /* Sources */,
				772A6DB71CAE495800BFE46A /* Frameworks */,
				772A6DB81CAE495800BFE46A /* Resources */,
			);
			buildRules = (
			);
			dependencies = (
				772A6DBC1CAE495800BFE46A /* PBXTargetDependency */,
			);
			name = 111UITests;
			productName = 111UITests;
			productReference = 772A6DBA1CAE495800BFE46A /* 111UITests.xctest */;
			productType = "com.apple.product-type.bundle.ui-testing";
		};
/* End PBXNativeTarget section */

/* Begin PBXProject section */
		772A6D8B1CAE495800BFE46A /* Project object */ = {
			isa = PBXProject;
			attributes = {
				LastUpgradeCheck = 0720;
				ORGANIZATIONNAME = DC018;
				TargetAttributes = {
					772A6D921CAE495800BFE46A = {
						CreatedOnToolsVersion = 7.2;
					};
					772A6DAE1CAE495800BFE46A = {
						CreatedOnToolsVersion = 7.2;
						TestTargetID = 772A6D921CAE495800BFE46A;
					};
					772A6DB91CAE495800BFE46A = {
						CreatedOnToolsVersion = 7.2;
						TestTargetID = 772A6D921CAE495800BFE46A;
					};
				};
			};
			buildConfigurationList = 772A6D8E1CAE495800BFE46A /* Build configuration list for PBXProject "111" */;
			compatibilityVersion = "Xcode 3.2";
			developmentRegion = English;
			hasScannedForEncodings = 0;
			knownRegions = (
				en,
				Base,
			);
			mainGroup = 772A6D8A1CAE495800BFE46A;
			productRefGroup = 772A6D941CAE495800BFE46A /* Products */;
			projectDirPath = "";
			projectRoot = "";
			targets = (
				772A6D921CAE495800BFE46A /* 111 */,
				772A6DAE1CAE495800BFE46A /* 111Tests */,
				772A6DB91CAE495800BFE46A /* 111UITests */,
			);
		};
/* End PBXProject section */

/* Begin PBXResourcesBuildPhase section */
		772A6D911CAE495800BFE46A /* Resources */ = {
			isa = PBXResourcesBuildPhase;
			buildActionMask = 2147483647;
			files = (
				772A6DA91CAE495800BFE46A /* LaunchScreen.storyboard in Resources */,
				772A6DA61CAE495800BFE46A /* Assets.xcassets in Resources */,
				772A6DA11CAE495800BFE46A /* Main.storyboard in Resources */,
			);
			runOnlyForDeploymentPostprocessing = 0;
		};
		772A6DAD1CAE495800BFE46A /* Resources */ = {
			isa = PBXResourcesBuildPhase;
			buildActionMask = 2147483647;
			files = (
			);
			runOnlyForDeploymentPostprocessing = 0;
		};
		772A6DB81CAE495800BFE46A /* Resources */ = {
			isa = PBXResourcesBuildPhase;
			buildActionMask = 2147483647;
			files = (
			);
			runOnlyForDeploymentPostprocessing = 0;
		};
/* End PBXResourcesBuildPhase section */

/* Begin PBXSourcesBuildPhase section */
		772A6D8F1CAE495800BFE46A /* Sources */ = {
			isa = PBXSourcesBuildPhase;
			buildActionMask = 2147483647;
			files = (
				772A6D9E1CAE495800BFE46A /* ViewController.m in Sources */,
				772A6DA41CAE495800BFE46A /* _11.xcdatamodeld in Sources */,
				772A6D9B1CAE495800BFE46A /* AppDelegate.m in Sources */,
				772A6D981CAE495800BFE46A /* main.m in Sources */,
			);
			runOnlyForDeploymentPostprocessing = 0;
		};
		772A6DAB1CAE495800BFE46A /* Sources */ = {
			isa = PBXSourcesBuildPhase;
			buildActionMask = 2147483647;
			files = (
				772A6DB41CAE495800BFE46A /* _11Tests.m in Sources */,
			);
			runOnlyForDeploymentPostprocessing = 0;
		};
		772A6DB61CAE495800BFE46A /* Sources */ = {
			isa = PBXSourcesBuildPhase;
			buildActionMask = 2147483647;
			files = (
				772A6DBF1CAE495800BFE46A /* _11UITests.m in Sources */,
			);
			runOnlyForDeploymentPostprocessing = 0;
		};
/* End PBXSourcesBuildPhase section */

/* Begin PBXTargetDependency section */
		772A6DB11CAE495800BFE46A /* PBXTargetDependency */ = {
			isa = PBXTargetDependency;
			target = 772A6D921CAE495800BFE46A /* 111 */;
			targetProxy = 772A6DB01CAE495800BFE46A /* PBXContainerItemProxy */;
		};
		772A6DBC1CAE495800BFE46A /* PBXTargetDependency */ = {
			isa = PBXTargetDependency;
			target = 772A6D921CAE495800BFE46A /* 111 */;
			targetProxy = 772A6DBB1CAE495800BFE46A /* PBXContainerItemProxy */;
		};
/* End PBXTargetDependency section */

/* Begin PBXVariantGroup section */
		772A6D9F1CAE495800BFE46A /* Main.storyboard */ = {
			isa = PBXVariantGroup;
			children = (
				772A6DA01CAE495800BFE46A /* Base */,
			);
			name = Main.storyboard;
			sourceTree = "<group>";
		};
		772A6DA71CAE495800BFE46A /* LaunchScreen.storyboard */ = {
			isa = PBXVariantGroup;
			children = (
				772A6DA81CAE495800BFE46A /* Base */,
			);
			name = LaunchScreen.storyboard;
			sourceTree = "<group>";
		};
/* End PBXVariantGroup section */

/* Begin XCBuildConfiguration section */
		772A6DC11CAE495800BFE46A /* Debug */ = {
			isa = XCBuildConfiguration;
			buildSettings = {
				ALWAYS_SEARCH_USER_PATHS = NO;
				CLANG_CXX_LANGUAGE_STANDARD = "gnu++0x";
				CLANG_CXX_LIBRARY = "libc++";
				CLANG_ENABLE_MODULES = YES;
				CLANG_ENABLE_OBJC_ARC = YES;
				CLANG_WARN_BOOL_CONVERSION = YES;
				CLANG_WARN_CONSTANT_CONVERSION = YES;
				CLANG_WARN_DIRECT_OBJC_ISA_USAGE = YES_ERROR;
				CLANG_WARN_EMPTY_BODY = YES;
				CLANG_WARN_ENUM_CONVERSION = YES;
				CLANG_WARN_INT_CONVERSION = YES;
				CLANG_WARN_OBJC_ROOT_CLASS = YES_ERROR;
				CLANG_WARN_UNREACHABLE_CODE = YES;
				CLANG_WARN__DUPLICATE_METHOD_MATCH = YES;
				"CODE_SIGN_IDENTITY[sdk=iphoneos*]" = "iPhone Developer";
				COPY_PHASE_STRIP = NO;
				DEBUG_INFORMATION_FORMAT = dwarf;
				ENABLE_STRICT_OBJC_MSGSEND = YES;
				ENABLE_TESTABILITY = YES;
				GCC_C_LANGUAGE_STANDARD = gnu99;
				GCC_DYNAMIC_NO_PIC = NO;
				GCC_NO_COMMON_BLOCKS = YES;
				GCC_OPTIMIZATION_LEVEL = 0;
				GCC_PREPROCESSOR_DEFINITIONS = (
					"DEBUG=1",
					"$(inherited)",
				);
				GCC_WARN_64_TO_32_BIT_CONVERSION = YES;
				GCC_WARN_ABOUT_RETURN_TYPE = YES_ERROR;
				GCC_WARN_UNDECLARED_SELECTOR = YES;
				GCC_WARN_UNINITIALIZED_AUTOS = YES_AGGRESSIVE;
				GCC_WARN_UNUSED_FUNCTION = YES;
				GCC_WARN_UNUSED_VARIABLE = YES;
				IPHONEOS_DEPLOYMENT_TARGET = 9.2;
				MTL_ENABLE_DEBUG_INFO = YES;
				ONLY_ACTIVE_ARCH = YES;
				SDKROOT = iphoneos;
				TARGETED_DEVICE_FAMILY = "1,2";
			};
			name = Debug;
		};
		772A6DC21CAE495800BFE46A /* Release */ = {
			isa = XCBuildConfiguration;
			buildSettings = {
				ALWAYS_SEARCH_USER_PATHS = NO;
				CLANG_CXX_LANGUAGE_STANDARD = "gnu++0x";
				CLANG_CXX_LIBRARY = "libc++";
				CLANG_ENABLE_MODULES = YES;
				CLANG_ENABLE_OBJC_ARC = YES;
				CLANG_WARN_BOOL_CONVERSION = YES;
				CLANG_WARN_CONSTANT_CONVERSION = YES;
				CLANG_WARN_DIRECT_OBJC_ISA_USAGE = YES_ERROR;
				CLANG_WARN_EMPTY_BODY = YES;
				CLANG_WARN_ENUM_CONVERSION = YES;
				CLANG_WARN_INT_CONVERSION = YES;
				CLANG_WARN_OBJC_ROOT_CLASS = YES_ERROR;
				CLANG_WARN_UNREACHABLE_CODE = YES;
				CLANG_WARN__DUPLICATE_METHOD_MATCH = YES;
				"CODE_SIGN_IDENTITY[sdk=iphoneos*]" = "iPhone Developer";
				COPY_PHASE_STRIP = NO;
				DEBUG_INFORMATION_FORMAT = "dwarf-with-dsym";
				ENABLE_NS_ASSERTIONS = NO;
				ENABLE_STRICT_OBJC_MSGSEND = YES;
				GCC_C_LANGUAGE_STANDARD = gnu99;
				GCC_NO_COMMON_BLOCKS = YES;
				GCC_WARN_64_TO_32_BIT_CONVERSION = YES;
				GCC_WARN_ABOUT_RETURN_TYPE = YES_ERROR;
				GCC_WARN_UNDECLARED_SELECTOR = YES;
				GCC_WARN_UNINITIALIZED_AUTOS = YES_AGGRESSIVE;
				GCC_WARN_UNUSED_FUNCTION = YES;
				GCC_WARN_UNUSED_VARIABLE = YES;
				IPHONEOS_DEPLOYMENT_TARGET = 9.2;
				MTL_ENABLE_DEBUG_INFO = NO;
				SDKROOT = iphoneos;
				TARGETED_DEVICE_FAMILY = "1,2";
				VALIDATE_PRODUCT = YES;
			};
			name = Release;
		};
		772A6DC41CAE495800BFE46A /* Debug */ = {
			isa = XCBuildConfiguration;
			buildSettings = {
				ASSETCATALOG_COMPILER_APPICON_NAME = AppIcon;
				INFOPLIST_FILE = 111/Info.plist;
				LD_RUNPATH_SEARCH_PATHS = "$(inherited) @executable_path/Frameworks";
				PRODUCT_BUNDLE_IDENTIFIER = "--.-11";
				PRODUCT_NAME = "$(TARGET_NAME)";
			};
			name = Debug;
		};
		772A6DC51CAE495800BFE46A /* Release */ = {
			isa = XCBuildConfiguration;
			buildSettings = {
				ASSETCATALOG_COMPILER_APPICON_NAME = AppIcon;
				INFOPLIST_FILE = 111/Info.plist;
				LD_RUNPATH_SEARCH_PATHS = "$(inherited) @executable_path/Frameworks";
				PRODUCT_BUNDLE_IDENTIFIER = "--.-11";
				PRODUCT_NAME = "$(TARGET_NAME)";
			};
			name = Release;
		};
		772A6DC71CAE495800BFE46A /* Debug */ = {
			isa = XCBuildConfiguration;
			buildSettings = {
				BUNDLE_LOADER = "$(TEST_HOST)";
				INFOPLIST_FILE = 111Tests/Info.plist;
				LD_RUNPATH_SEARCH_PATHS = "$(inherited) @executable_path/Frameworks @loader_path/Frameworks";
				PRODUCT_BUNDLE_IDENTIFIER = "--.-11Tests";
				PRODUCT_NAME = "$(TARGET_NAME)";
				TEST_HOST = "$(BUILT_PRODUCTS_DIR)/111.app/111";
			};
			name = Debug;
		};
		772A6DC81CAE495800BFE46A /* Release */ = {
			isa = XCBuildConfiguration;
			buildSettings = {
				BUNDLE_LOADER = "$(TEST_HOST)";
				INFOPLIST_FILE = 111Tests/Info.plist;
				LD_RUNPATH_SEARCH_PATHS = "$(inherited) @executable_path/Frameworks @loader_path/Frameworks";
				PRODUCT_BUNDLE_IDENTIFIER = "--.-11Tests";
				PRODUCT_NAME = "$(TARGET_NAME)";
				TEST_HOST = "$(BUILT_PRODUCTS_DIR)/111.app/111";
			};
			name = Release;
		};
		772A6DCA1CAE495800BFE46A /* Debug */ = {
			isa = XCBuildConfiguration;
			buildSettings = {
				INFOPLIST_FILE = 111UITests/Info.plist;
				LD_RUNPATH_SEARCH_PATHS = "$(inherited) @executable_path/Frameworks @loader_path/Frameworks";
				PRODUCT_BUNDLE_IDENTIFIER = "--.-11UITests";
				PRODUCT_NAME = "$(TARGET_NAME)";
				TEST_TARGET_NAME = 111;
				USES_XCTRUNNER = YES;
			};
			name = Debug;
		};
		772A6DCB1CAE495800BFE46A /* Release */ = {
			isa = XCBuildConfiguration;
			buildSettings = {
				INFOPLIST_FILE = 111UITests/Info.plist;
				LD_RUNPATH_SEARCH_PATHS = "$(inherited) @executable_path/Frameworks @loader_path/Frameworks";
				PRODUCT_BUNDLE_IDENTIFIER = "--.-11UITests";
				PRODUCT_NAME = "$(TARGET_NAME)";
				TEST_TARGET_NAME = 111;
				USES_XCTRUNNER = YES;
			};
			name = Release;
		};
/* End XCBuildConfiguration section */

/* Begin XCConfigurationList section */
		772A6D8E1CAE495800BFE46A /* Build configuration list for PBXProject "111" */ = {
			isa = XCConfigurationList;
			buildConfigurations = (
				772A6DC11CAE495800BFE46A /* Debug */,
				772A6DC21CAE495800BFE46A /* Release */,
			);
			defaultConfigurationIsVisible = 0;
			defaultConfigurationName = Release;
		};
		772A6DC31CAE495800BFE46A /* Build configuration list for PBXNativeTarget "111" */ = {
			isa = XCConfigurationList;
			buildConfigurations = (
				772A6DC41CAE495800BFE46A /* Debug */,
				772A6DC51CAE495800BFE46A /* Release */,
			);
			defaultConfigurationIsVisible = 0;
		};
		772A6DC61CAE495800BFE46A /* Build configuration list for PBXNativeTarget "111Tests" */ = {
			isa = XCConfigurationList;
			buildConfigurations = (
				772A6DC71CAE495800BFE46A /* Debug */,
				772A6DC81CAE495800BFE46A /* Release */,
			);
			defaultConfigurationIsVisible = 0;
		};
		772A6DC91CAE495800BFE46A /* Build configuration list for PBXNativeTarget "111UITests" */ = {
			isa = XCConfigurationList;
			buildConfigurations = (
				772A6DCA1CAE495800BFE46A /* Debug */,
				772A6DCB1CAE495800BFE46A /* Release */,
			);
			defaultConfigurationIsVisible = 0;
		};
/* End XCConfigurationList section */

/* Begin XCVersionGroup section */
		772A6DA21CAE495800BFE46A /* _11.xcdatamodeld */ = {
			isa = XCVersionGroup;
			children = (
				772A6DA31CAE495800BFE46A /* _11.xcdatamodel */,
			);
			currentVersion = 772A6DA31CAE495800BFE46A /* _11.xcdatamodel */;
			path = _11.xcdatamodeld;
			sourceTree = "<group>";
			versionGroupType = wrapper.xcdatamodel;
		};
/* End XCVersionGroup section */
	};
	rootObject = 772A6D8B1CAE495800BFE46A /* Project object */;
}
